
Microsoft Visual Studio Solution File, Format Version 12.00
# Visual Studio Version 17
VisualStudioVersion = 17.3.32929.385
MinimumVisualStudioVersion = 10.0.40219.1
Project("{9A19103F-16F7-4668-BE54-9A1E7A4F7556}") = "Presentation", "Sprint2Dapper\Presentation.csproj", "{1D037C38-8DB7-4A7B-87DB-DD475EF68BC2}"
EndProject
Project("{FAE04EC0-301F-11D3-BF4B-00C04F79EFBC}") = "Models", "Models\Models.csproj", "{041E5BA7-9CE5-4570-9848-9AC2FD39FCE7}"
EndProject
Project("{FAE04EC0-301F-11D3-BF4B-00C04F79EFBC}") = "DAL", "DAL\DAL.csproj", "{AD5FE5AC-DCCB-4CB0-904B-79A904ADFE71}"
EndProject
Project("{FAE04EC0-301F-11D3-BF4B-00C04F79EFBC}") = "Core", "Core\Core.csproj", "{6604CBA7-6FE0-4112-AC2B-1A6683825275}"
EndProject
Global
	GlobalSection(SolutionConfigurationPlatforms) = preSolution
		Debug|Any CPU = Debug|Any CPU
		Release|Any CPU = Release|Any CPU
	EndGlobalSection
	GlobalSection(ProjectConfigurationPlatforms) = postSolution
		{1D037C38-8DB7-4A7B-87DB-DD475EF68BC2}.Debug|Any CPU.ActiveCfg = Debug|Any CPU
		{1D037C38-8DB7-4A7B-87DB-DD475EF68BC2}.Debug|Any CPU.Build.0 = Debug|Any CPU
		{1D037C38-8DB7-4A7B-87DB-DD475EF68BC2}.Release|Any CPU.ActiveCfg = Release|Any CPU
		{1D037C38-8DB7-4A7B-87DB-DD475EF68BC2}.Release|Any CPU.Build.0 = Release|Any CPU
		{041E5BA7-9CE5-4570-9848-9AC2FD39FCE7}.Debug|Any CPU.ActiveCfg = Debug|Any CPU
		{041E5BA7-9CE5-4570-9848-9AC2FD39FCE7}.Debug|Any CPU.Build.0 = Debug|Any CPU
		{041E5BA7-9CE5-4570-9848-9AC2FD39FCE7}.Release|Any CPU.ActiveCfg = Release|Any CPU
		{041E5BA7-9CE5-4570-9848-9AC2FD39FCE7}.Release|Any CPU.Build.0 = Release|Any CPU
		{AD5FE5AC-DCCB-4CB0-904B-79A904ADFE71}.Debug|Any CPU.ActiveCfg = Debug|Any CPU
		{AD5FE5AC-DCCB-4CB0-904B-79A904ADFE71}.Debug|Any CPU.Build.0 = Debug|Any CPU
		{AD5FE5AC-DCCB-4CB0-904B-79A904ADFE71}.Release|Any CPU.ActiveCfg = Release|Any CPU
		{AD5FE5AC-DCCB-4CB0-904B-79A904ADFE71}.Release|Any CPU.Build.0 = Release|Any CPU
		{6604CBA7-6FE0-4112-AC2B-1A6683825275}.Debug|Any CPU.ActiveCfg = Debug|Any CPU
		{6604CBA7-6FE0-4112-AC2B-1A6683825275}.Debug|Any CPU.Build.0 = Debug|Any CPU
		{6604CBA7-6FE0-4112-AC2B-1A6683825275}.Release|Any CPU.ActiveCfg = Release|Any CPU
		{6604CBA7-6FE0-4112-AC2B-1A6683825275}.Release|Any CPU.Build.0 = Release|Any CPU
	EndGlobalSection
	GlobalSection(SolutionProperties) = preSolution
		HideSolutionNode = FALSE
	EndGlobalSection
	GlobalSection(ExtensibilityGlobals) = postSolution
		SolutionGuid = {47808995-E26F-4D3C-8232-4AC5931EF09C}
	EndGlobalSection
EndGlobal
